
Microsoft Visual Studio Solution File, Format Version 12.00
# Visual Studio Version 16
VisualStudioVersion = 16.0.30204.135
MinimumVisualStudioVersion = 10.0.40219.1
Project("{FAE04EC0-301F-11D3-BF4B-00C04F79EFBC}") = "Exchange-Art", "Exchange-Art\Exchange-Art.csproj", "{C9FFE500-38AA-4A3B-B9B6-3DCA15A69558}"
EndProject
Global
	GlobalSection(SolutionConfigurationPlatforms) = preSolution
		Debug|Any CPU = Debug|Any CPU
		Release|Any CPU = Release|Any CPU
	EndGlobalSection
	GlobalSection(ProjectConfigurationPlatforms) = postSolution
		{C9FFE500-38AA-4A3B-B9B6-3DCA15A69558}.Debug|Any CPU.ActiveCfg = Debug|Any CPU
		{C9FFE500-38AA-4A3B-B9B6-3DCA15A69558}.Debug|Any CPU.Build.0 = Debug|Any CPU
		{C9FFE500-38AA-4A3B-B9B6-3DCA15A69558}.Release|Any CPU.ActiveCfg = Release|Any CPU
		{C9FFE500-38AA-4A3B-B9B6-3DCA15A69558}.Release|Any CPU.Build.0 = Release|Any CPU
	EndGlobalSection
	GlobalSection(SolutionProperties) = preSolution
		HideSolutionNode = FALSE
	EndGlobalSection
	GlobalSection(ExtensibilityGlobals) = postSolution
		SolutionGuid = {9FA432A6-7DDF-4A0E-B734-019050ADFAA7}
	EndGlobalSection
EndGlobal
